
Microsoft Visual Studio Solution File, Format Version 12.00
# Visual Studio Version 17
VisualStudioVersion = 17.9.34714.143
MinimumVisualStudioVersion = 10.0.40219.1
Project("{8BC9CEB8-8B4A-11D0-8D11-00A0C91BC942}") = "ioiFile", "ioiFile\ioiFile.vcxproj", "{18CBB36F-949C-4E31-A590-8576FE691797}"
EndProject
Project("{8BC9CEB8-8B4A-11D0-8D11-00A0C91BC942}") = "ioFileWithPath", "ioFileWithPath\ioFileWithPath.vcxproj", "{99FAA745-1DB1-4AB0-B540-D5B017B7AEDA}"
EndProject
Project("{8BC9CEB8-8B4A-11D0-8D11-00A0C91BC942}") = "ExeceptionStandar", "ExeceptionStandar\ExeceptionStandar.vcxproj", "{8E3BD196-BDFD-49DE-A4AB-820A3C336859}"
EndProject
Project("{8BC9CEB8-8B4A-11D0-8D11-00A0C91BC942}") = "ManualException", "ManualException\ManualException.vcxproj", "{F1664946-0736-4625-B0A0-C1363918976E}"
EndProject
Global
	GlobalSection(SolutionConfigurationPlatforms) = preSolution
		Debug|x64 = Debug|x64
		Debug|x86 = Debug|x86
		Release|x64 = Release|x64
		Release|x86 = Release|x86
	EndGlobalSection
	GlobalSection(ProjectConfigurationPlatforms) = postSolution
		{18CBB36F-949C-4E31-A590-8576FE691797}.Debug|x64.ActiveCfg = Debug|x64
		{18CBB36F-949C-4E31-A590-8576FE691797}.Debug|x64.Build.0 = Debug|x64
		{18CBB36F-949C-4E31-A590-8576FE691797}.Debug|x86.ActiveCfg = Debug|Win32
		{18CBB36F-949C-4E31-A590-8576FE691797}.Debug|x86.Build.0 = Debug|Win32
		{18CBB36F-949C-4E31-A590-8576FE691797}.Release|x64.ActiveCfg = Release|x64
		{18CBB36F-949C-4E31-A590-8576FE691797}.Release|x64.Build.0 = Release|x64
		{18CBB36F-949C-4E31-A590-8576FE691797}.Release|x86.ActiveCfg = Release|Win32
		{18CBB36F-949C-4E31-A590-8576FE691797}.Release|x86.Build.0 = Release|Win32
		{99FAA745-1DB1-4AB0-B540-D5B017B7AEDA}.Debug|x64.ActiveCfg = Debug|x64
		{99FAA745-1DB1-4AB0-B540-D5B017B7AEDA}.Debug|x64.Build.0 = Debug|x64
		{99FAA745-1DB1-4AB0-B540-D5B017B7AEDA}.Debug|x86.ActiveCfg = Debug|Win32
		{99FAA745-1DB1-4AB0-B540-D5B017B7AEDA}.Debug|x86.Build.0 = Debug|Win32
		{99FAA745-1DB1-4AB0-B540-D5B017B7AEDA}.Release|x64.ActiveCfg = Release|x64
		{99FAA745-1DB1-4AB0-B540-D5B017B7AEDA}.Release|x64.Build.0 = Release|x64
		{99FAA745-1DB1-4AB0-B540-D5B017B7AEDA}.Release|x86.ActiveCfg = Release|Win32
		{99FAA745-1DB1-4AB0-B540-D5B017B7AEDA}.Release|x86.Build.0 = Release|Win32
		{8E3BD196-BDFD-49DE-A4AB-820A3C336859}.Debug|x64.ActiveCfg = Debug|x64
		{8E3BD196-BDFD-49DE-A4AB-820A3C336859}.Debug|x64.Build.0 = Debug|x64
		{8E3BD196-BDFD-49DE-A4AB-820A3C336859}.Debug|x86.ActiveCfg = Debug|Win32
		{8E3BD196-BDFD-49DE-A4AB-820A3C336859}.Debug|x86.Build.0 = Debug|Win32
		{8E3BD196-BDFD-49DE-A4AB-820A3C336859}.Release|x64.ActiveCfg = Release|x64
		{8E3BD196-BDFD-49DE-A4AB-820A3C336859}.Release|x64.Build.0 = Release|x64
		{8E3BD196-BDFD-49DE-A4AB-820A3C336859}.Release|x86.ActiveCfg = Release|Win32
		{8E3BD196-BDFD-49DE-A4AB-820A3C336859}.Release|x86.Build.0 = Release|Win32
		{F1664946-0736-4625-B0A0-C1363918976E}.Debug|x64.ActiveCfg = Debug|x64
		{F1664946-0736-4625-B0A0-C1363918976E}.Debug|x64.Build.0 = Debug|x64
		{F1664946-0736-4625-B0A0-C1363918976E}.Debug|x86.ActiveCfg = Debug|Win32
		{F1664946-0736-4625-B0A0-C1363918976E}.Debug|x86.Build.0 = Debug|Win32
		{F1664946-0736-4625-B0A0-C1363918976E}.Release|x64.ActiveCfg = Release|x64
		{F1664946-0736-4625-B0A0-C1363918976E}.Release|x64.Build.0 = Release|x64
		{F1664946-0736-4625-B0A0-C1363918976E}.Release|x86.ActiveCfg = Release|Win32
		{F1664946-0736-4625-B0A0-C1363918976E}.Release|x86.Build.0 = Release|Win32
	EndGlobalSection
	GlobalSection(SolutionProperties) = preSolution
		HideSolutionNode = FALSE
	EndGlobalSection
	GlobalSection(ExtensibilityGlobals) = postSolution
		SolutionGuid = {A51A111B-434F-4A5D-AD51-4B2C7E505199}
	EndGlobalSection
EndGlobal
